{
  "lockfileVersion": 1,
  "configVersion": 1,
  "workspaces": {
    "": {
      "name": "byoi-hooks",
      "dependencies": {
        "@celilo/capabilities": "^0.6.0",
      },
    },
  },
  "packages": {
    "@celilo/capabilities": ["@celilo/capabilities@0.6.0", "", { "dependencies": { "drizzle-orm": "^0.40.1", "tldts": "^7.4.2" } }, "sha512-JrpBkVY8lFXkqLF8HHt6iqC5SRWh9F93pv3OP2tYHJqhkqoX9D6s7Ghg1/Fsnewgf1QdfZmR7ld2+Z2AMLlfLA=="],

    "drizzle-orm": ["drizzle-orm@0.40.1", "", { "peerDependencies": { "@aws-sdk/client-rds-data": ">=3", "@cloudflare/workers-types": ">=4", "@electric-sql/pglite": ">=0.2.0", "@libsql/client": ">=0.10.0", "@libsql/client-wasm": ">=0.10.0", "@neondatabase/serverless": ">=0.10.0", "@op-engineering/op-sqlite": ">=2", "@opentelemetry/api": "^1.4.1", "@planetscale/database": ">=1", "@prisma/client": "*", "@tidbcloud/serverless": "*", "@types/better-sqlite3": "*", "@types/pg": "*", "@types/sql.js": "*", "@vercel/postgres": ">=0.8.0", "@xata.io/client": "*", "better-sqlite3": ">=7", "bun-types": "*", "expo-sqlite": ">=14.0.0", "gel": ">=2", "knex": "*", "kysely": "*", "mysql2": ">=2", "pg": ">=8", "postgres": ">=3", "sql.js": ">=1", "sqlite3": ">=5" }, "optionalPeers": ["@aws-sdk/client-rds-data", "@cloudflare/workers-types", "@electric-sql/pglite", "@libsql/client", "@libsql/client-wasm", "@neondatabase/serverless", "@op-engineering/op-sqlite", "@opentelemetry/api", "@planetscale/database", "@prisma/client", "@tidbcloud/serverless", "@types/better-sqlite3", "@types/pg", "@types/sql.js", "@vercel/postgres", "@xata.io/client", "better-sqlite3", "bun-types", "expo-sqlite", "gel", "knex", "kysely", "mysql2", "pg", "postgres", "sql.js", "sqlite3"] }, "sha512-aPNhtiJiPfm3qxz1czrnIDkfvkSdKGXYeZkpG55NPTVI186LmK2fBLMi4dsHpPHlJrZeQ92D322YFPHADBALew=="],

    "tldts": ["tldts@7.4.6", "", { "dependencies": { "tldts-core": "^7.4.6" }, "bin": { "tldts": "bin/cli.js" } }, "sha512-rbP0Gyx8b3Ae9yO//CU2wbSnQNoQ66m1nJdSbSHmnwKwzkkz/u8mERYU8T2rmlmy+bJvRNn84yNCW8gYqox44Q=="],

    "tldts-core": ["tldts-core@7.4.6", "", {}, "sha512-TkQNGJIhlEphpHCjKodMTSe23egUZr/g+flI2qkLgiJ/maAzSgXypSLRTNH3nCmqgayEmtcJBiLcfODSAr1xoA=="],
  }
}
