{
  "lockfileVersion": 2,
  "configVersion": 1,
  "workspaces": {
    "": {
      "name": "byoi-hooks",
      "dependencies": {
        "@celilo/capabilities": "^5.1.1",
      },
    },
  },
  "packages": {
    "@celilo/capabilities": ["@celilo/capabilities@5.1.1", "", { "dependencies": { "drizzle-orm": "^0.40.1", "tldts": "^7.4.2" } }, "sha512-Cx49fy3mg/jFaA2IczSGW51FjBc7RV/iKBhZ5hgGTiEjdiz28RHLHY9fwQkrqcSW/k7HPL+BH0eq2qtYN9dQNg=="],

    "drizzle-orm": ["drizzle-orm@0.40.1", "", { "peerDependencies": { "@aws-sdk/client-rds-data": ">=3", "@cloudflare/workers-types": ">=4", "@electric-sql/pglite": ">=0.2.0", "@libsql/client": ">=0.10.0", "@libsql/client-wasm": ">=0.10.0", "@neondatabase/serverless": ">=0.10.0", "@op-engineering/op-sqlite": ">=2", "@opentelemetry/api": "^1.4.1", "@planetscale/database": ">=1", "@prisma/client": "*", "@tidbcloud/serverless": "*", "@types/better-sqlite3": "*", "@types/pg": "*", "@types/sql.js": "*", "@vercel/postgres": ">=0.8.0", "@xata.io/client": "*", "better-sqlite3": ">=7", "bun-types": "*", "expo-sqlite": ">=14.0.0", "gel": ">=2", "knex": "*", "kysely": "*", "mysql2": ">=2", "pg": ">=8", "postgres": ">=3", "prisma": "*", "sql.js": ">=1", "sqlite3": ">=5" }, "optionalPeers": ["@aws-sdk/client-rds-data", "@cloudflare/workers-types", "@electric-sql/pglite", "@libsql/client", "@libsql/client-wasm", "@neondatabase/serverless", "@op-engineering/op-sqlite", "@opentelemetry/api", "@planetscale/database", "@prisma/client", "@tidbcloud/serverless", "@types/better-sqlite3", "@types/pg", "@types/sql.js", "@vercel/postgres", "@xata.io/client", "better-sqlite3", "bun-types", "expo-sqlite", "gel", "knex", "kysely", "mysql2", "pg", "postgres", "prisma", "sql.js", "sqlite3"] }, "sha512-aPNhtiJiPfm3qxz1czrnIDkfvkSdKGXYeZkpG55NPTVI186LmK2fBLMi4dsHpPHlJrZeQ92D322YFPHADBALew=="],

    "tldts": ["tldts@7.4.14", "", { "dependencies": { "tldts-core": "^7.4.14" }, "bin": { "tldts": "bin/cli.js" } }, "sha512-EahQoi+Q5oqmG3yxRHx+bwn36OaLbtw6jnTFcGjc8fcmktzTgk45xRnzAx8Ch87PFEiqRhoc3FWBmY+LBrvEGQ=="],

    "tldts-core": ["tldts-core@7.4.14", "", {}, "sha512-KYkjfJHnIC5t+Gy7hPrMHgJmWc/N9FfmS+fggRPSlpFckidpB9HD6OzPsSTkfDH+MpZgcu2tJPGgLfHl979N1Q=="],
  }
}
